
Microsoft Visual Studio Solution File, Format Version 12.00
# Visual Studio Version 16
VisualStudioVersion = 16.0.30413.136
MinimumVisualStudioVersion = 10.0.40219.1
Project("{FAE04EC0-301F-11D3-BF4B-00C04F79EFBC}") = "CarRentalApp", "CarRentalApp\CarRentalApp.csproj", "{4F49DC48-B3C1-47EB-BF32-DF7EC2179AD9}"
EndProject
Global
	GlobalSection(SolutionConfigurationPlatforms) = preSolution
		Debug|Any CPU = Debug|Any CPU
		Release|Any CPU = Release|Any CPU
	EndGlobalSection
	GlobalSection(ProjectConfigurationPlatforms) = postSolution
		{4F49DC48-B3C1-47EB-BF32-DF7EC2179AD9}.Debug|Any CPU.ActiveCfg = Debug|Any CPU
		{4F49DC48-B3C1-47EB-BF32-DF7EC2179AD9}.Debug|Any CPU.Build.0 = Debug|Any CPU
		{4F49DC48-B3C1-47EB-BF32-DF7EC2179AD9}.Release|Any CPU.ActiveCfg = Release|Any CPU
		{4F49DC48-B3C1-47EB-BF32-DF7EC2179AD9}.Release|Any CPU.Build.0 = Release|Any CPU
	EndGlobalSection
	GlobalSection(SolutionProperties) = preSolution
		HideSolutionNode = FALSE
	EndGlobalSection
	GlobalSection(ExtensibilityGlobals) = postSolution
		SolutionGuid = {316F4CCA-CB74-42F2-AEF9-9A4C7A3A79A9}
	EndGlobalSection
EndGlobal
